# This file is automatically @generated by Cargo.
# It is not intended for manual editing.
version = 4

[[package]]
name = "puffin_ast"
version = "0.1.0"

[[package]]
name = "puffin_cli"
version = "0.1.0"
dependencies = [
 "puffin_compiler",
 "puffin_parser",
 "puffin_runtime",
]

[[package]]
name = "puffin_compiler"
version = "0.1.0"
dependencies = [
 "puffin_ast",
 "puffin_runtime",
]

[[package]]
name = "puffin_parser"
version = "0.1.0"
dependencies = [
 "puffin_ast",
]

[[package]]
name = "puffin_runtime"
version = "0.1.0"
